
Microsoft Visual Studio Solution File, Format Version 12.00
# Visual Studio 14
VisualStudioVersion = 14.0.24720.0
MinimumVisualStudioVersion = 10.0.40219.1
Project("{FAE04EC0-301F-11D3-BF4B-00C04F79EFBC}") = "ConsolePlayground", "ConsolePlayground\ConsolePlayground.csproj", "{7C0EEEB7-1EA8-41E9-BBEB-36A552E4147B}"
EndProject
Project("{FAE04EC0-301F-11D3-BF4B-00C04F79EFBC}") = "CFGLibTest", "CFGLibTest\CFGLibTest.csproj", "{FA618744-71FE-4C69-A3AC-DF7247AB0CFF}"
EndProject
Project("{FAE04EC0-301F-11D3-BF4B-00C04F79EFBC}") = "CFGLib", "CFGLib\CFGLib.csproj", "{9AFC68E6-543B-4071-BA05-EB5FC4E9B839}"
EndProject
Global
	GlobalSection(SolutionConfigurationPlatforms) = preSolution
		Debug|Any CPU = Debug|Any CPU
		Release|Any CPU = Release|Any CPU
	EndGlobalSection
	GlobalSection(ProjectConfigurationPlatforms) = postSolution
		{7C0EEEB7-1EA8-41E9-BBEB-36A552E4147B}.Debug|Any CPU.ActiveCfg = Debug|Any CPU
		{7C0EEEB7-1EA8-41E9-BBEB-36A552E4147B}.Debug|Any CPU.Build.0 = Debug|Any CPU
		{7C0EEEB7-1EA8-41E9-BBEB-36A552E4147B}.Release|Any CPU.ActiveCfg = Release|Any CPU
		{7C0EEEB7-1EA8-41E9-BBEB-36A552E4147B}.Release|Any CPU.Build.0 = Release|Any CPU
		{FA618744-71FE-4C69-A3AC-DF7247AB0CFF}.Debug|Any CPU.ActiveCfg = Debug|Any CPU
		{FA618744-71FE-4C69-A3AC-DF7247AB0CFF}.Debug|Any CPU.Build.0 = Debug|Any CPU
		{FA618744-71FE-4C69-A3AC-DF7247AB0CFF}.Release|Any CPU.ActiveCfg = Release|Any CPU
		{FA618744-71FE-4C69-A3AC-DF7247AB0CFF}.Release|Any CPU.Build.0 = Release|Any CPU
		{9AFC68E6-543B-4071-BA05-EB5FC4E9B839}.Debug|Any CPU.ActiveCfg = Debug|Any CPU
		{9AFC68E6-543B-4071-BA05-EB5FC4E9B839}.Debug|Any CPU.Build.0 = Debug|Any CPU
		{9AFC68E6-543B-4071-BA05-EB5FC4E9B839}.Release|Any CPU.ActiveCfg = Release|Any CPU
		{9AFC68E6-543B-4071-BA05-EB5FC4E9B839}.Release|Any CPU.Build.0 = Release|Any CPU
	EndGlobalSection
	GlobalSection(SolutionProperties) = preSolution
		HideSolutionNode = FALSE
	EndGlobalSection
EndGlobal
